
Microsoft Visual Studio Solution File, Format Version 12.00
# Visual Studio Version 17
VisualStudioVersion = 17.4.33205.214
MinimumVisualStudioVersion = 10.0.40219.1
Project("{FAE04EC0-301F-11D3-BF4B-00C04F79EFBC}") = "destiny-2-armor-tool", "destiny-2-armor-tool.csproj", "{869F85F9-D1CC-424C-BA14-75C0EC9DDEF7}"
EndProject
Global
	GlobalSection(SolutionConfigurationPlatforms) = preSolution
		Debug|Any CPU = Debug|Any CPU
		Release|Any CPU = Release|Any CPU
	EndGlobalSection
	GlobalSection(ProjectConfigurationPlatforms) = postSolution
		{869F85F9-D1CC-424C-BA14-75C0EC9DDEF7}.Debug|Any CPU.ActiveCfg = Debug|Any CPU
		{869F85F9-D1CC-424C-BA14-75C0EC9DDEF7}.Debug|Any CPU.Build.0 = Debug|Any CPU
		{869F85F9-D1CC-424C-BA14-75C0EC9DDEF7}.Release|Any CPU.ActiveCfg = Release|Any CPU
		{869F85F9-D1CC-424C-BA14-75C0EC9DDEF7}.Release|Any CPU.Build.0 = Release|Any CPU
	EndGlobalSection
	GlobalSection(SolutionProperties) = preSolution
		HideSolutionNode = FALSE
	EndGlobalSection
	GlobalSection(ExtensibilityGlobals) = postSolution
		SolutionGuid = {C1816687-278F-44AE-B362-DC663526804A}
	EndGlobalSection
EndGlobal
